Microsoft Visual Studio Solution File, Format Version 12.00
# Visual Studio Version 17
VisualStudioVersion = 17.5.2.0
MinimumVisualStudioVersion = 10.0.40219.1
Project("{FAE04EC0-301F-11D3-BF4B-00C04F79EFBC}") = "LemonLab", "LemonLab.csproj", "{8ECDE714-3001-5748-D33F-F5D0099FFD12}"
EndProject
Global
	GlobalSection(SolutionConfigurationPlatforms) = preSolution
		Debug|Any CPU = Debug|Any CPU
		Release|Any CPU = Release|Any CPU
	EndGlobalSection
	GlobalSection(ProjectConfigurationPlatforms) = postSolution
		{8ECDE714-3001-5748-D33F-F5D0099FFD12}.Debug|Any CPU.ActiveCfg = Debug|Any CPU
		{8ECDE714-3001-5748-D33F-F5D0099FFD12}.Debug|Any CPU.Build.0 = Debug|Any CPU
		{8ECDE714-3001-5748-D33F-F5D0099FFD12}.Release|Any CPU.ActiveCfg = Release|Any CPU
		{8ECDE714-3001-5748-D33F-F5D0099FFD12}.Release|Any CPU.Build.0 = Release|Any CPU
	EndGlobalSection
	GlobalSection(SolutionProperties) = preSolution
		HideSolutionNode = FALSE
	EndGlobalSection
	GlobalSection(ExtensibilityGlobals) = postSolution
		SolutionGuid = {1FFD7D39-01ED-4EE7-BCBB-0FB171625110}
	EndGlobalSection
EndGlobal
